
Microsoft Visual Studio Solution File, Format Version 12.00
# Visual Studio 2013
VisualStudioVersion = 12.0.30501.0
MinimumVisualStudioVersion = 10.0.40219.1
Project("{FAE04EC0-301F-11D3-BF4B-00C04F79EFBC}") = "mvc_forms_starter", "mvc_forms_starter\mvc_forms_starter.csproj", "{A5BC5ED7-012F-4431-B59D-E91ACC39FB02}"
EndProject
Project("{FAE04EC0-301F-11D3-BF4B-00C04F79EFBC}") = "mvc_forms_starter.core", "mvc_forms_starter.core\mvc_forms_starter.core.csproj", "{66CF5355-3C38-4C68-8484-C5A7DD62E613}"
EndProject
Global
	GlobalSection(SolutionConfigurationPlatforms) = preSolution
		Debug|Any CPU = Debug|Any CPU
		Release|Any CPU = Release|Any CPU
	EndGlobalSection
	GlobalSection(ProjectConfigurationPlatforms) = postSolution
		{A5BC5ED7-012F-4431-B59D-E91ACC39FB02}.Debug|Any CPU.ActiveCfg = Debug|Any CPU
		{A5BC5ED7-012F-4431-B59D-E91ACC39FB02}.Debug|Any CPU.Build.0 = Debug|Any CPU
		{A5BC5ED7-012F-4431-B59D-E91ACC39FB02}.Release|Any CPU.ActiveCfg = Release|Any CPU
		{A5BC5ED7-012F-4431-B59D-E91ACC39FB02}.Release|Any CPU.Build.0 = Release|Any CPU
		{66CF5355-3C38-4C68-8484-C5A7DD62E613}.Debug|Any CPU.ActiveCfg = Debug|Any CPU
		{66CF5355-3C38-4C68-8484-C5A7DD62E613}.Debug|Any CPU.Build.0 = Debug|Any CPU
		{66CF5355-3C38-4C68-8484-C5A7DD62E613}.Release|Any CPU.ActiveCfg = Release|Any CPU
		{66CF5355-3C38-4C68-8484-C5A7DD62E613}.Release|Any CPU.Build.0 = Release|Any CPU
	EndGlobalSection
	GlobalSection(SolutionProperties) = preSolution
		HideSolutionNode = FALSE
	EndGlobalSection
EndGlobal
